{
  "nodes": {
    "home-manager": {
      "inputs": {
        "nixpkgs": [
          "nixpkgs"
        ]
      },
      "locked": {
        "lastModified": 1733951536,
        "narHash": "sha256-Zb5ZCa7Xj+0gy5XVXINTSr71fCfAv+IKtmIXNrykT54=",
        "owner": "nix-community",
        "repo": "home-manager",
        "rev": "1318c3f3b068cdcea922fa7c1a0a1f0c96c22f5f",
        "type": "github"
      },
      "original": {
        "owner": "nix-community",
        "ref": "release-24.11",
        "repo": "home-manager",
        "type": "github"
      }
    },
    "nixpkgs": {
      "locked": {
        "lastModified": 1734737257,
        "narHash": "sha256-GIMyMt1pkkoXdCq9un859bX6YQZ/iYtukb9R5luazLM=",
        "owner": "NixOS",
        "repo": "nixpkgs",
        "rev": "1c6e20d41d6a9c1d737945962160e8571df55daa",
        "type": "github"
      },
      "original": {
        "id": "nixpkgs",
        "ref": "nixos-24.11",
        "type": "indirect"
      }
    },
    "root": {
      "inputs": {
        "home-manager": "home-manager",
        "nixpkgs": "nixpkgs",
        "unstable": "unstable"
      }
    },
    "unstable": {
      "locked": {
        "lastModified": 1734649271,
        "narHash": "sha256-4EVBRhOjMDuGtMaofAIqzJbg4Ql7Ai0PSeuVZTHjyKQ=",
        "owner": "NixOS",
        "repo": "nixpkgs",
        "rev": "d70bd19e0a38ad4790d3913bf08fcbfc9eeca507",
        "type": "github"
      },
      "original": {
        "id": "nixpkgs",
        "ref": "nixos-unstable",
        "type": "indirect"
      }
    }
  },
  "root": "root",
  "version": 7
}
